
Microsoft Visual Studio Solution File, Format Version 12.00
# Visual Studio Version 16
VisualStudioVersion = 16.0.30225.117
MinimumVisualStudioVersion = 10.0.40219.1
Project("{9A19103F-16F7-4668-BE54-9A1E7A4F7556}") = "Sipaz.Web", "Sipaz.Web.csproj", "{CF3B285A-B4B2-424E-A497-48025A04D79F}"
EndProject
Project("{9A19103F-16F7-4668-BE54-9A1E7A4F7556}") = "Sipaz.DAL", "..\Sipaz.DAL\Sipaz.DAL.csproj", "{B964C931-3F4B-40DA-A16B-34801969DA64}"
EndProject
Project("{9A19103F-16F7-4668-BE54-9A1E7A4F7556}") = "Sipaz.Core", "..\Sipaz.Core\Sipaz.Core.csproj", "{3CDF713E-30DB-4AFE-A565-90BEBD6D0349}"
EndProject
Project("{9A19103F-16F7-4668-BE54-9A1E7A4F7556}") = "Sipaz.Utilities", "..\Sipaz.Utilities\Sipaz.Utilities.csproj", "{2E75B37B-DBC5-4BF6-9D56-43B5F7877BCC}"
EndProject
Project("{FAE04EC0-301F-11D3-BF4B-00C04F79EFBC}") = "Sipaz.MapLocation", "..\Sipaz.MapLocation\Sipaz.MapLocation.csproj", "{BA75C103-D350-4B19-97F7-A51B912A5E3A}"
EndProject
Global
	GlobalSection(SolutionConfigurationPlatforms) = preSolution
		Debug|Any CPU = Debug|Any CPU
		Release|Any CPU = Release|Any CPU
	EndGlobalSection
	GlobalSection(ProjectConfigurationPlatforms) = postSolution
		{CF3B285A-B4B2-424E-A497-48025A04D79F}.Debug|Any CPU.ActiveCfg = Debug|Any CPU
		{CF3B285A-B4B2-424E-A497-48025A04D79F}.Debug|Any CPU.Build.0 = Debug|Any CPU
		{CF3B285A-B4B2-424E-A497-48025A04D79F}.Release|Any CPU.ActiveCfg = Release|Any CPU
		{CF3B285A-B4B2-424E-A497-48025A04D79F}.Release|Any CPU.Build.0 = Release|Any CPU
		{B964C931-3F4B-40DA-A16B-34801969DA64}.Debug|Any CPU.ActiveCfg = Debug|Any CPU
		{B964C931-3F4B-40DA-A16B-34801969DA64}.Debug|Any CPU.Build.0 = Debug|Any CPU
		{B964C931-3F4B-40DA-A16B-34801969DA64}.Release|Any CPU.ActiveCfg = Release|Any CPU
		{B964C931-3F4B-40DA-A16B-34801969DA64}.Release|Any CPU.Build.0 = Release|Any CPU
		{3CDF713E-30DB-4AFE-A565-90BEBD6D0349}.Debug|Any CPU.ActiveCfg = Debug|Any CPU
		{3CDF713E-30DB-4AFE-A565-90BEBD6D0349}.Debug|Any CPU.Build.0 = Debug|Any CPU
		{3CDF713E-30DB-4AFE-A565-90BEBD6D0349}.Release|Any CPU.ActiveCfg = Release|Any CPU
		{3CDF713E-30DB-4AFE-A565-90BEBD6D0349}.Release|Any CPU.Build.0 = Release|Any CPU
		{2E75B37B-DBC5-4BF6-9D56-43B5F7877BCC}.Debug|Any CPU.ActiveCfg = Debug|Any CPU
		{2E75B37B-DBC5-4BF6-9D56-43B5F7877BCC}.Debug|Any CPU.Build.0 = Debug|Any CPU
		{2E75B37B-DBC5-4BF6-9D56-43B5F7877BCC}.Release|Any CPU.ActiveCfg = Release|Any CPU
		{2E75B37B-DBC5-4BF6-9D56-43B5F7877BCC}.Release|Any CPU.Build.0 = Release|Any CPU
		{BA75C103-D350-4B19-97F7-A51B912A5E3A}.Debug|Any CPU.ActiveCfg = Debug|Any CPU
		{BA75C103-D350-4B19-97F7-A51B912A5E3A}.Debug|Any CPU.Build.0 = Debug|Any CPU
		{BA75C103-D350-4B19-97F7-A51B912A5E3A}.Release|Any CPU.ActiveCfg = Release|Any CPU
		{BA75C103-D350-4B19-97F7-A51B912A5E3A}.Release|Any CPU.Build.0 = Release|Any CPU
	EndGlobalSection
	GlobalSection(SolutionProperties) = preSolution
		HideSolutionNode = FALSE
	EndGlobalSection
	GlobalSection(ExtensibilityGlobals) = postSolution
		SolutionGuid = {35F8EDE4-3873-40FD-AC41-A9AD134C1F1F}
	EndGlobalSection
EndGlobal
